// !$*UTF8*$!
{
	archiveVersion = 1;
	classes = {
	};
	objectVersion = 46;
	objects = {

/* Begin PBXBuildFile section */
		3F8659061C8E63A700BC864B /* main.m in Sources */ = {isa = PBXBuildFile; fileRef = 3F8659051C8E63A700BC864B /* main.m */; };
		3F8659091C8E63A700BC864B /* AppDelegate.m in Sources */ = {isa = PBXBuildFile; fileRef = 3F8659081C8E63A700BC864B /* AppDelegate.m */; };
		3F86590C1C8E63A700BC864B /* ViewController.m in Sources */ = {isa = PBXBuildFile; fileRef = 3F86590B1C8E63A700BC864B /* ViewController.m */; };
		3F86590F1C8E63A700BC864B /* Main.storyboard in Resources */ = {isa = PBXBuildFile; fileRef = 3F86590D1C8E63A700BC864B /* Main.storyboard */; };
		3F8659111C8E63A700BC864B /* Assets.xcassets in Resources */ = {isa = PBXBuildFile; fileRef = 3F8659101C8E63A700BC864B /* Assets.xcassets */; };
		3F8659141C8E63A700BC864B /* LaunchScreen.storyboard in Resources */ = {isa = PBXBuildFile; fileRef = 3F8659121C8E63A700BC864B /* LaunchScreen.storyboard */; };
		3F86591F1C8E63A700BC864B /* apbTests.m in Sources */ = {isa = PBXBuildFile; fileRef = 3F86591E1C8E63A700BC864B /* apbTests.m */; };
		3F86592A1C8E63A700BC864B /* apbUITests.m in Sources */ = {isa = PBXBuildFile; fileRef = 3F8659291C8E63A700BC864B /* apbUITests.m */; };
/* End PBXBuildFile section */

/* Begin PBXContainerItemProxy section */
		3F86591B1C8E63A700BC864B /* PBXContainerItemProxy */ = {
			isa = PBXContainerItemProxy;
			containerPortal = 3F8658F91C8E63A600BC864B /* Project object */;
			proxyType = 1;
			remoteGlobalIDString = 3F8659001C8E63A700BC864B;
			remoteInfo = apb;
		};
		3F8659261C8E63A700BC864B /* PBXContainerItemProxy */ = {
			isa = PBXContainerItemProxy;
			containerPortal = 3F8658F91C8E63A600BC864B /* Project object */;
			proxyType = 1;
			remoteGlobalIDString = 3F8659001C8E63A700BC864B;
			remoteInfo = apb;
		};
/* End PBXContainerItemProxy section */

/* Begin PBXFileReference section */
		3F8659011C8E63A700BC864B /* apb.app */ = {isa = PBXFileReference; explicitFileType = wrapper.application; includeInIndex = 0; path = apb.app; sourceTree = BUILT_PRODUCTS_DIR; };
		3F8659051C8E63A700BC864B /* main.m */ = {isa = PBXFileReference; lastKnownFileType = sourcecode.c.objc; path = main.m; sourceTree = "<group>"; };
		3F8659071C8E63A700BC864B /* AppDelegate.h */ = {isa = PBXFileReference; lastKnownFileType = sourcecode.c.h; path = AppDelegate.h; sourceTree = "<group>"; };
		3F8659081C8E63A700BC864B /* AppDelegate.m */ = {isa = PBXFileReference; lastKnownFileType = sourcecode.c.objc; path = AppDelegate.m; sourceTree = "<group>"; };
		3F86590A1C8E63A700BC864B /* ViewController.h */ = {isa = PBXFileReference; lastKnownFileType = sourcecode.c.h; path = ViewController.h; sourceTree = "<group>"; };
		3F86590B1C8E63A700BC864B /* ViewController.m */ = {isa = PBXFileReference; lastKnownFileType = sourcecode.c.objc; path = ViewController.m; sourceTree = "<group>"; };
		3F86590E1C8E63A700BC864B /* Base */ = {isa = PBXFileReference; lastKnownFileType = file.storyboard; name = Base; path = Base.lproj/Main.storyboard; sourceTree = "<group>"; };
		3F8659101C8E63A700BC864B /* Assets.xcassets */ = {isa = PBXFileReference; lastKnownFileType = folder.assetcatalog; path = Assets.xcassets; sourceTree = "<group>"; };
		3F8659131C8E63A700BC864B /* Base */ = {isa = PBXFileReference; lastKnownFileType = file.storyboard; name = Base; path = Base.lproj/LaunchScreen.storyboard; sourceTree = "<group>"; };
		3F8659151C8E63A700BC864B /* Info.plist */ = {isa = PBXFileReference; lastKnownFileType = text.plist.xml; path = Info.plist; sourceTree = "<group>"; };
		3F86591A1C8E63A700BC864B /* apbTests.xctest */ = {isa = PBXFileReference; explicitFileType = wrapper.cfbundle; includeInIndex = 0; path = apbTests.xctest; sourceTree = BUILT_PRODUCTS_DIR; };
		3F86591E1C8E63A700BC864B /* apbTests.m */ = {isa = PBXFileReference; lastKnownFileType = sourcecode.c.objc; path = apbTests.m; sourceTree = "<group>"; };
		3F8659201C8E63A700BC864B /* Info.plist */ = {isa = PBXFileReference; lastKnownFileType = text.plist.xml; path = Info.plist; sourceTree = "<group>"; };
		3F8659251C8E63A700BC864B /* apbUITests.xctest */ = {isa = PBXFileReference; explicitFileType = wrapper.cfbundle; includeInIndex = 0; path = apbUITests.xctest; sourceTree = BUILT_PRODUCTS_DIR; };
		3F8659291C8E63A700BC864B /* apbUITests.m */ = {isa = PBXFileReference; lastKnownFileType = sourcecode.c.objc; path = apbUITests.m; sourceTree = "<group>"; };
		3F86592B1C8E63A700BC864B /* Info.plist */ = {isa = PBXFileReference; lastKnownFileType = text.plist.xml; path = Info.plist; sourceTree = "<group>"; };
/* End PBXFileReference section */

/* Begin PBXFrameworksBuildPhase section */
		3F8658FE1C8E63A700BC864B /* Frameworks */ = {
			isa = PBXFrameworksBuildPhase;
			buildActionMask = 2147483647;
			files = (
			);
			runOnlyForDeploymentPostprocessing = 0;
		};
		3F8659171C8E63A700BC864B /* Frameworks */ = {
			isa = PBXFrameworksBuildPhase;
			buildActionMask = 2147483647;
			files = (
			);
			runOnlyForDeploymentPostprocessing = 0;
		};
		3F8659221C8E63A700BC864B /* Frameworks */ = {
			isa = PBXFrameworksBuildPhase;
			buildActionMask = 2147483647;
			files = (
			);
			runOnlyForDeploymentPostprocessing = 0;
		};
/* End PBXFrameworksBuildPhase section */

/* Begin PBXGroup section */
		3F8658F81C8E63A600BC864B = {
			isa = PBXGroup;
			children = (
				3F8659031C8E63A700BC864B /* apb */,
				3F86591D1C8E63A700BC864B /* apbTests */,
				3F8659281C8E63A700BC864B /* apbUITests */,
				3F8659021C8E63A700BC864B /* Products */,
			);
			sourceTree = "<group>";
		};
		3F8659021C8E63A700BC864B /* Products */ = {
			isa = PBXGroup;
			children = (
				3F8659011C8E63A700BC864B /* apb.app */,
				3F86591A1C8E63A700BC864B /* apbTests.xctest */,
				3F8659251C8E63A700BC864B /* apbUITests.xctest */,
			);
			name = Products;
			sourceTree = "<group>";
		};
		3F8659031C8E63A700BC864B /* apb */ = {
			isa = PBXGroup;
			children = (
				3F8659071C8E63A700BC864B /* AppDelegate.h */,
				3F8659081C8E63A700BC864B /* AppDelegate.m */,
				3F86590A1C8E63A700BC864B /* ViewController.h */,
				3F86590B1C8E63A700BC864B /* ViewController.m */,
				3F86590D1C8E63A700BC864B /* Main.storyboard */,
				3F8659101C8E63A700BC864B /* Assets.xcassets */,
				3F8659121C8E63A700BC864B /* LaunchScreen.storyboard */,
				3F8659151C8E63A700BC864B /* Info.plist */,
				3F8659041C8E63A700BC864B /* Supporting Files */,
			);
			path = apb;
			sourceTree = "<group>";
		};
		3F8659041C8E63A700BC864B /* Supporting Files */ = {
			isa = PBXGroup;
			children = (
				3F8659051C8E63A700BC864B /* main.m */,
			);
			name = "Supporting Files";
			sourceTree = "<group>";
		};
		3F86591D1C8E63A700BC864B /* apbTests */ = {
			isa = PBXGroup;
			children = (
				3F86591E1C8E63A700BC864B /* apbTests.m */,
				3F8659201C8E63A700BC864B /* Info.plist */,
			);
			path = apbTests;
			sourceTree = "<group>";
		};
		3F8659281C8E63A700BC864B /* apbUITests */ = {
			isa = PBXGroup;
			children = (
				3F8659291C8E63A700BC864B /* apbUITests.m */,
				3F86592B1C8E63A700BC864B /* Info.plist */,
			);
			path = apbUITests;
			sourceTree = "<group>";
		};
/* End PBXGroup section */

/* Begin PBXNativeTarget section */
		3F8659001C8E63A700BC864B /* apb */ = {
			isa = PBXNativeTarget;
			buildConfigurationList = 3F86592E1C8E63A700BC864B /* Build configuration list for PBXNativeTarget "apb" */;
			buildPhases = (
				3F8658FD1C8E63A700BC864B /* Sources */,
				3F8658FE1C8E63A700BC864B /* Frameworks */,
				3F8658FF1C8E63A700BC864B /* Resources */,
			);
			buildRules = (
			);
			dependencies = (
			);
			name = apb;
			productName = apb;
			productReference = 3F8659011C8E63A700BC864B /* apb.app */;
			productType = "com.apple.product-type.application";
		};
		3F8659191C8E63A700BC864B /* apbTests */ = {
			isa = PBXNativeTarget;
			buildConfigurationList = 3F8659311C8E63A700BC864B /* Build configuration list for PBXNativeTarget "apbTests" */;
			buildPhases = (
				3F8659161C8E63A700BC864B /* Sources */,
				3F8659171C8E63A700BC864B /* Frameworks */,
				3F8659181C8E63A700BC864B /* Resources */,
			);
			buildRules = (
			);
			dependencies = (
				3F86591C1C8E63A700BC864B /* PBXTargetDependency */,
			);
			name = apbTests;
			productName = apbTests;
			productReference = 3F86591A1C8E63A700BC864B /* apbTests.xctest */;
			productType = "com.apple.product-type.bundle.unit-test";
		};
		3F8659241C8E63A700BC864B /* apbUITests */ = {
			isa = PBXNativeTarget;
			buildConfigurationList = 3F8659341C8E63A700BC864B /* Build configuration list for PBXNativeTarget "apbUITests" */;
			buildPhases = (
				3F8659211C8E63A700BC864B /* Sources */,
				3F8659221C8E63A700BC864B /* Frameworks */,
				3F8659231C8E63A700BC864B /* Resources */,
			);
			buildRules = (
			);
			dependencies = (
				3F8659271C8E63A700BC864B /* PBXTargetDependency */,
			);
			name = apbUITests;
			productName = apbUITests;
			productReference = 3F8659251C8E63A700BC864B /* apbUITests.xctest */;
			productType = "com.apple.product-type.bundle.ui-testing";
		};
/* End PBXNativeTarget section */

/* Begin PBXProject section */
		3F8658F91C8E63A600BC864B /* Project object */ = {
			isa = PBXProject;
			attributes = {
				LastUpgradeCheck = 0720;
				ORGANIZATIONNAME = Kirito;
				TargetAttributes = {
					3F8659001C8E63A700BC864B = {
						CreatedOnToolsVersion = 7.2;
					};
					3F8659191C8E63A700BC864B = {
						CreatedOnToolsVersion = 7.2;
						TestTargetID = 3F8659001C8E63A700BC864B;
					};
					3F8659241C8E63A700BC864B = {
						CreatedOnToolsVersion = 7.2;
						TestTargetID = 3F8659001C8E63A700BC864B;
					};
				};
			};
			buildConfigurationList = 3F8658FC1C8E63A700BC864B /* Build configuration list for PBXProject "apb" */;
			compatibilityVersion = "Xcode 3.2";
			developmentRegion = English;
			hasScannedForEncodings = 0;
			knownRegions = (
				en,
				Base,
			);
			mainGroup = 3F8658F81C8E63A600BC864B;
			productRefGroup = 3F8659021C8E63A700BC864B /* Products */;
			projectDirPath = "";
			projectRoot = "";
			targets = (
				3F8659001C8E63A700BC864B /* apb */,
				3F8659191C8E63A700BC864B /* apbTests */,
				3F8659241C8E63A700BC864B /* apbUITests */,
			);
		};
/* End PBXProject section */

/* Begin PBXResourcesBuildPhase section */
		3F8658FF1C8E63A700BC864B /* Resources */ = {
			isa = PBXResourcesBuildPhase;
			buildActionMask = 2147483647;
			files = (
				3F8659141C8E63A700BC864B /* LaunchScreen.storyboard in Resources */,
				3F8659111C8E63A700BC864B /* Assets.xcassets in Resources */,
				3F86590F1C8E63A700BC864B /* Main.storyboard in Resources */,
			);
			runOnlyForDeploymentPostprocessing = 0;
		};
		3F8659181C8E63A700BC864B /* Resources */ = {
			isa = PBXResourcesBuildPhase;
			buildActionMask = 2147483647;
			files = (
			);
			runOnlyForDeploymentPostprocessing = 0;
		};
		3F8659231C8E63A700BC864B /* Resources */ = {
			isa = PBXResourcesBuildPhase;
			buildActionMask = 2147483647;
			files = (
			);
			runOnlyForDeploymentPostprocessing = 0;
		};
/* End PBXResourcesBuildPhase section */

/* Begin PBXSourcesBuildPhase section */
		3F8658FD1C8E63A700BC864B /* Sources */ = {
			isa = PBXSourcesBuildPhase;
			buildActionMask = 2147483647;
			files = (
				3F86590C1C8E63A700BC864B /* ViewController.m in Sources */,
				3F8659091C8E63A700BC864B /* AppDelegate.m in Sources */,
				3F8659061C8E63A700BC864B /* main.m in Sources */,
			);
			runOnlyForDeploymentPostprocessing = 0;
		};
		3F8659161C8E63A700BC864B /* Sources */ = {
			isa = PBXSourcesBuildPhase;
			buildActionMask = 2147483647;
			files = (
				3F86591F1C8E63A700BC864B /* apbTests.m in Sources */,
			);
			runOnlyForDeploymentPostprocessing = 0;
		};
		3F8659211C8E63A700BC864B /* Sources */ = {
			isa = PBXSourcesBuildPhase;
			buildActionMask = 2147483647;
			files = (
				3F86592A1C8E63A700BC864B /* apbUITests.m in Sources */,
			);
			runOnlyForDeploymentPostprocessing = 0;
		};
/* End PBXSourcesBuildPhase section */

/* Begin PBXTargetDependency section */
		3F86591C1C8E63A700BC864B /* PBXTargetDependency */ = {
			isa = PBXTargetDependency;
			target = 3F8659001C8E63A700BC864B /* apb */;
			targetProxy = 3F86591B1C8E63A700BC864B /* PBXContainerItemProxy */;
		};
		3F8659271C8E63A700BC864B /* PBXTargetDependency */ = {
			isa = PBXTargetDependency;
			target = 3F8659001C8E63A700BC864B /* apb */;
			targetProxy = 3F8659261C8E63A700BC864B /* PBXContainerItemProxy */;
		};
/* End PBXTargetDependency section */

/* Begin PBXVariantGroup section */
		3F86590D1C8E63A700BC864B /* Main.storyboard */ = {
			isa = PBXVariantGroup;
			children = (
				3F86590E1C8E63A700BC864B /* Base */,
			);
			name = Main.storyboard;
			sourceTree = "<group>";
		};
		3F8659121C8E63A700BC864B /* LaunchScreen.storyboard */ = {
			isa = PBXVariantGroup;
			children = (
				3F8659131C8E63A700BC864B /* Base */,
			);
			name = LaunchScreen.storyboard;
			sourceTree = "<group>";
		};
/* End PBXVariantGroup section */

/* Begin XCBuildConfiguration section */
		3F86592C1C8E63A700BC864B /* Debug */ = {
			isa = XCBuildConfiguration;
			buildSettings = {
				ALWAYS_SEARCH_USER_PATHS = NO;
				CLANG_CXX_LANGUAGE_STANDARD = "gnu++0x";
				CLANG_CXX_LIBRARY = "libc++";
				CLANG_ENABLE_MODULES = YES;
				CLANG_ENABLE_OBJC_ARC = YES;
				CLANG_WARN_BOOL_CONVERSION = YES;
				CLANG_WARN_CONSTANT_CONVERSION = YES;
				CLANG_WARN_DIRECT_OBJC_ISA_USAGE = YES_ERROR;
				CLANG_WARN_EMPTY_BODY = YES;
				CLANG_WARN_ENUM_CONVERSION = YES;
				CLANG_WARN_INT_CONVERSION = YES;
				CLANG_WARN_OBJC_ROOT_CLASS = YES_ERROR;
				CLANG_WARN_UNREACHABLE_CODE = YES;
				CLANG_WARN__DUPLICATE_METHOD_MATCH = YES;
				"CODE_SIGN_IDENTITY[sdk=iphoneos*]" = "iPhone Developer";
				COPY_PHASE_STRIP = NO;
				DEBUG_INFORMATION_FORMAT = dwarf;
				ENABLE_STRICT_OBJC_MSGSEND = YES;
				ENABLE_TESTABILITY = YES;
				GCC_C_LANGUAGE_STANDARD = gnu99;
				GCC_DYNAMIC_NO_PIC = NO;
				GCC_NO_COMMON_BLOCKS = YES;
				GCC_OPTIMIZATION_LEVEL = 0;
				GCC_PREPROCESSOR_DEFINITIONS = (
					"DEBUG=1",
					"$(inherited)",
				);
				GCC_WARN_64_TO_32_BIT_CONVERSION = YES;
				GCC_WARN_ABOUT_RETURN_TYPE = YES_ERROR;
				GCC_WARN_UNDECLARED_SELECTOR = YES;
				GCC_WARN_UNINITIALIZED_AUTOS = YES_AGGRESSIVE;
				GCC_WARN_UNUSED_FUNCTION = YES;
				GCC_WARN_UNUSED_VARIABLE = YES;
				IPHONEOS_DEPLOYMENT_TARGET = 9.2;
				MTL_ENABLE_DEBUG_INFO = YES;
				ONLY_ACTIVE_ARCH = YES;
				SDKROOT = iphoneos;
			};
			name = Debug;
		};
		3F86592D1C8E63A700BC864B /* Release */ = {
			isa = XCBuildConfiguration;
			buildSettings = {
				ALWAYS_SEARCH_USER_PATHS = NO;
				CLANG_CXX_LANGUAGE_STANDARD = "gnu++0x";
				CLANG_CXX_LIBRARY = "libc++";
				CLANG_ENABLE_MODULES = YES;
				CLANG_ENABLE_OBJC_ARC = YES;
				CLANG_WARN_BOOL_CONVERSION = YES;
				CLANG_WARN_CONSTANT_CONVERSION = YES;
				CLANG_WARN_DIRECT_OBJC_ISA_USAGE = YES_ERROR;
				CLANG_WARN_EMPTY_BODY = YES;
				CLANG_WARN_ENUM_CONVERSION = YES;
				CLANG_WARN_INT_CONVERSION = YES;
				CLANG_WARN_OBJC_ROOT_CLASS = YES_ERROR;
				CLANG_WARN_UNREACHABLE_CODE = YES;
				CLANG_WARN__DUPLICATE_METHOD_MATCH = YES;
				"CODE_SIGN_IDENTITY[sdk=iphoneos*]" = "iPhone Developer";
				COPY_PHASE_STRIP = NO;
				DEBUG_INFORMATION_FORMAT = "dwarf-with-dsym";
				ENABLE_NS_ASSERTIONS = NO;
				ENABLE_STRICT_OBJC_MSGSEND = YES;
				GCC_C_LANGUAGE_STANDARD = gnu99;
				GCC_NO_COMMON_BLOCKS = YES;
				GCC_WARN_64_TO_32_BIT_CONVERSION = YES;
				GCC_WARN_ABOUT_RETURN_TYPE = YES_ERROR;
				GCC_WARN_UNDECLARED_SELECTOR = YES;
				GCC_WARN_UNINITIALIZED_AUTOS = YES_AGGRESSIVE;
				GCC_WARN_UNUSED_FUNCTION = YES;
				GCC_WARN_UNUSED_VARIABLE = YES;
				IPHONEOS_DEPLOYMENT_TARGET = 9.2;
				MTL_ENABLE_DEBUG_INFO = NO;
				SDKROOT = iphoneos;
				VALIDATE_PRODUCT = YES;
			};
			name = Release;
		};
		3F86592F1C8E63A700BC864B /* Debug */ = {
			isa = XCBuildConfiguration;
			buildSettings = {
				ASSETCATALOG_COMPILER_APPICON_NAME = AppIcon;
				INFOPLIST_FILE = apb/Info.plist;
				LD_RUNPATH_SEARCH_PATHS = "$(inherited) @executable_path/Frameworks";
				PRODUCT_BUNDLE_IDENTIFIER = wing.apb;
				PRODUCT_NAME = "$(TARGET_NAME)";
			};
			name = Debug;
		};
		3F8659301C8E63A700BC864B /* Release */ = {
			isa = XCBuildConfiguration;
			buildSettings = {
				ASSETCATALOG_COMPILER_APPICON_NAME = AppIcon;
				INFOPLIST_FILE = apb/Info.plist;
				LD_RUNPATH_SEARCH_PATHS = "$(inherited) @executable_path/Frameworks";
				PRODUCT_BUNDLE_IDENTIFIER = wing.apb;
				PRODUCT_NAME = "$(TARGET_NAME)";
			};
			name = Release;
		};
		3F8659321C8E63A700BC864B /* Debug */ = {
			isa = XCBuildConfiguration;
			buildSettings = {
				BUNDLE_LOADER = "$(TEST_HOST)";
				INFOPLIST_FILE = apbTests/Info.plist;
				LD_RUNPATH_SEARCH_PATHS = "$(inherited) @executable_path/Frameworks @loader_path/Frameworks";
				PRODUCT_BUNDLE_IDENTIFIER = wing.apbTests;
				PRODUCT_NAME = "$(TARGET_NAME)";
				TEST_HOST = "$(BUILT_PRODUCTS_DIR)/apb.app/apb";
			};
			name = Debug;
		};
		3F8659331C8E63A700BC864B /* Release */ = {
			isa = XCBuildConfiguration;
			buildSettings = {
				BUNDLE_LOADER = "$(TEST_HOST)";
				INFOPLIST_FILE = apbTests/Info.plist;
				LD_RUNPATH_SEARCH_PATHS = "$(inherited) @executable_path/Frameworks @loader_path/Frameworks";
				PRODUCT_BUNDLE_IDENTIFIER = wing.apbTests;
				PRODUCT_NAME = "$(TARGET_NAME)";
				TEST_HOST = "$(BUILT_PRODUCTS_DIR)/apb.app/apb";
			};
			name = Release;
		};
		3F8659351C8E63A700BC864B /* Debug */ = {
			isa = XCBuildConfiguration;
			buildSettings = {
				INFOPLIST_FILE = apbUITests/Info.plist;
				LD_RUNPATH_SEARCH_PATHS = "$(inherited) @executable_path/Frameworks @loader_path/Frameworks";
				PRODUCT_BUNDLE_IDENTIFIER = wing.apbUITests;
				PRODUCT_NAME = "$(TARGET_NAME)";
				TEST_TARGET_NAME = apb;
				USES_XCTRUNNER = YES;
			};
			name = Debug;
		};
		3F8659361C8E63A700BC864B /* Release */ = {
			isa = XCBuildConfiguration;
			buildSettings = {
				INFOPLIST_FILE = apbUITests/Info.plist;
				LD_RUNPATH_SEARCH_PATHS = "$(inherited) @executable_path/Frameworks @loader_path/Frameworks";
				PRODUCT_BUNDLE_IDENTIFIER = wing.apbUITests;
				PRODUCT_NAME = "$(TARGET_NAME)";
				TEST_TARGET_NAME = apb;
				USES_XCTRUNNER = YES;
			};
			name = Release;
		};
/* End XCBuildConfiguration section */

/* Begin XCConfigurationList section */
		3F8658FC1C8E63A700BC864B /* Build configuration list for PBXProject "apb" */ = {
			isa = XCConfigurationList;
			buildConfigurations = (
				3F86592C1C8E63A700BC864B /* Debug */,
				3F86592D1C8E63A700BC864B /* Release */,
			);
			defaultConfigurationIsVisible = 0;
			defaultConfigurationName = Release;
		};
		3F86592E1C8E63A700BC864B /* Build configuration list for PBXNativeTarget "apb" */ = {
			isa = XCConfigurationList;
			buildConfigurations = (
				3F86592F1C8E63A700BC864B /* Debug */,
				3F8659301C8E63A700BC864B /* Release */,
			);
			defaultConfigurationIsVisible = 0;
		};
		3F8659311C8E63A700BC864B /* Build configuration list for PBXNativeTarget "apbTests" */ = {
			isa = XCConfigurationList;
			buildConfigurations = (
				3F8659321C8E63A700BC864B /* Debug */,
				3F8659331C8E63A700BC864B /* Release */,
			);
			defaultConfigurationIsVisible = 0;
		};
		3F8659341C8E63A700BC864B /* Build configuration list for PBXNativeTarget "apbUITests" */ = {
			isa = XCConfigurationList;
			buildConfigurations = (
				3F8659351C8E63A700BC864B /* Debug */,
				3F8659361C8E63A700BC864B /* Release */,
			);
			defaultConfigurationIsVisible = 0;
		};
/* End XCConfigurationList section */
	};
	rootObject = 3F8658F91C8E63A600BC864B /* Project object */;
}
